
Microsoft Visual Studio Solution File, Format Version 12.00
# Visual Studio Version 17
VisualStudioVersion = 17.6.33815.320
MinimumVisualStudioVersion = 10.0.40219.1
Project("{FAE04EC0-301F-11D3-BF4B-00C04F79EFBC}") = "ControleDeContatos", "ControleDeContatos\ControleDeContatos.csproj", "{AFB0DAED-A442-4E88-B400-801955006254}"
EndProject
Global
	GlobalSection(SolutionConfigurationPlatforms) = preSolution
		Debug|Any CPU = Debug|Any CPU
		Release|Any CPU = Release|Any CPU
	EndGlobalSection
	GlobalSection(ProjectConfigurationPlatforms) = postSolution
		{AFB0DAED-A442-4E88-B400-801955006254}.Debug|Any CPU.ActiveCfg = Debug|Any CPU
		{AFB0DAED-A442-4E88-B400-801955006254}.Debug|Any CPU.Build.0 = Debug|Any CPU
		{AFB0DAED-A442-4E88-B400-801955006254}.Release|Any CPU.ActiveCfg = Release|Any CPU
		{AFB0DAED-A442-4E88-B400-801955006254}.Release|Any CPU.Build.0 = Release|Any CPU
	EndGlobalSection
	GlobalSection(SolutionProperties) = preSolution
		HideSolutionNode = FALSE
	EndGlobalSection
	GlobalSection(ExtensibilityGlobals) = postSolution
		SolutionGuid = {AF461F96-93F3-48AA-AF01-28E3508E61DF}
	EndGlobalSection
EndGlobal
